
Microsoft Visual Studio Solution File, Format Version 12.00
# Visual Studio Version 16
VisualStudioVersion = 16.0.30114.105
MinimumVisualStudioVersion = 10.0.40219.1
Project("{FAE04EC0-301F-11D3-BF4B-00C04F79EFBC}") = "ProEventos.Application", "ProEventos.Application\ProEventos.Application.csproj", "{E6AA5ADA-6ADA-4C49-B133-C79828718FE5}"
EndProject
Project("{FAE04EC0-301F-11D3-BF4B-00C04F79EFBC}") = "ProEventos.Domain", "ProEventos.Domain\ProEventos.Domain.csproj", "{94E0F3CA-E27E-408B-8B05-AB0752A056DB}"
EndProject
Project("{FAE04EC0-301F-11D3-BF4B-00C04F79EFBC}") = "ProEventos.Persistence", "ProEventos.Persistence\ProEventos.Persistence.csproj", "{D402DE31-9BDA-44C5-9A84-548682849D34}"
EndProject
Project("{FAE04EC0-301F-11D3-BF4B-00C04F79EFBC}") = "ProEventos.API", "ProEventos.Api\ProEventos.API.csproj", "{9560A8CB-DA1D-4C44-92DA-A97D4027A503}"
EndProject
Global
	GlobalSection(SolutionConfigurationPlatforms) = preSolution
		Debug|Any CPU = Debug|Any CPU
		Debug|x64 = Debug|x64
		Debug|x86 = Debug|x86
		Release|Any CPU = Release|Any CPU
		Release|x64 = Release|x64
		Release|x86 = Release|x86
	EndGlobalSection
	GlobalSection(SolutionProperties) = preSolution
		HideSolutionNode = FALSE
	EndGlobalSection
	GlobalSection(ProjectConfigurationPlatforms) = postSolution
		{E6AA5ADA-6ADA-4C49-B133-C79828718FE5}.Debug|Any CPU.ActiveCfg = Debug|Any CPU
		{E6AA5ADA-6ADA-4C49-B133-C79828718FE5}.Debug|Any CPU.Build.0 = Debug|Any CPU
		{E6AA5ADA-6ADA-4C49-B133-C79828718FE5}.Debug|x64.ActiveCfg = Debug|Any CPU
		{E6AA5ADA-6ADA-4C49-B133-C79828718FE5}.Debug|x64.Build.0 = Debug|Any CPU
		{E6AA5ADA-6ADA-4C49-B133-C79828718FE5}.Debug|x86.ActiveCfg = Debug|Any CPU
		{E6AA5ADA-6ADA-4C49-B133-C79828718FE5}.Debug|x86.Build.0 = Debug|Any CPU
		{E6AA5ADA-6ADA-4C49-B133-C79828718FE5}.Release|Any CPU.ActiveCfg = Release|Any CPU
		{E6AA5ADA-6ADA-4C49-B133-C79828718FE5}.Release|Any CPU.Build.0 = Release|Any CPU
		{E6AA5ADA-6ADA-4C49-B133-C79828718FE5}.Release|x64.ActiveCfg = Release|Any CPU
		{E6AA5ADA-6ADA-4C49-B133-C79828718FE5}.Release|x64.Build.0 = Release|Any CPU
		{E6AA5ADA-6ADA-4C49-B133-C79828718FE5}.Release|x86.ActiveCfg = Release|Any CPU
		{E6AA5ADA-6ADA-4C49-B133-C79828718FE5}.Release|x86.Build.0 = Release|Any CPU
		{94E0F3CA-E27E-408B-8B05-AB0752A056DB}.Debug|Any CPU.ActiveCfg = Debug|Any CPU
		{94E0F3CA-E27E-408B-8B05-AB0752A056DB}.Debug|Any CPU.Build.0 = Debug|Any CPU
		{94E0F3CA-E27E-408B-8B05-AB0752A056DB}.Debug|x64.ActiveCfg = Debug|Any CPU
		{94E0F3CA-E27E-408B-8B05-AB0752A056DB}.Debug|x64.Build.0 = Debug|Any CPU
		{94E0F3CA-E27E-408B-8B05-AB0752A056DB}.Debug|x86.ActiveCfg = Debug|Any CPU
		{94E0F3CA-E27E-408B-8B05-AB0752A056DB}.Debug|x86.Build.0 = Debug|Any CPU
		{94E0F3CA-E27E-408B-8B05-AB0752A056DB}.Release|Any CPU.ActiveCfg = Release|Any CPU
		{94E0F3CA-E27E-408B-8B05-AB0752A056DB}.Release|Any CPU.Build.0 = Release|Any CPU
		{94E0F3CA-E27E-408B-8B05-AB0752A056DB}.Release|x64.ActiveCfg = Release|Any CPU
		{94E0F3CA-E27E-408B-8B05-AB0752A056DB}.Release|x64.Build.0 = Release|Any CPU
		{94E0F3CA-E27E-408B-8B05-AB0752A056DB}.Release|x86.ActiveCfg = Release|Any CPU
		{94E0F3CA-E27E-408B-8B05-AB0752A056DB}.Release|x86.Build.0 = Release|Any CPU
		{D402DE31-9BDA-44C5-9A84-548682849D34}.Debug|Any CPU.ActiveCfg = Debug|Any CPU
		{D402DE31-9BDA-44C5-9A84-548682849D34}.Debug|Any CPU.Build.0 = Debug|Any CPU
		{D402DE31-9BDA-44C5-9A84-548682849D34}.Debug|x64.ActiveCfg = Debug|Any CPU
		{D402DE31-9BDA-44C5-9A84-548682849D34}.Debug|x64.Build.0 = Debug|Any CPU
		{D402DE31-9BDA-44C5-9A84-548682849D34}.Debug|x86.ActiveCfg = Debug|Any CPU
		{D402DE31-9BDA-44C5-9A84-548682849D34}.Debug|x86.Build.0 = Debug|Any CPU
		{D402DE31-9BDA-44C5-9A84-548682849D34}.Release|Any CPU.ActiveCfg = Release|Any CPU
		{D402DE31-9BDA-44C5-9A84-548682849D34}.Release|Any CPU.Build.0 = Release|Any CPU
		{D402DE31-9BDA-44C5-9A84-548682849D34}.Release|x64.ActiveCfg = Release|Any CPU
		{D402DE31-9BDA-44C5-9A84-548682849D34}.Release|x64.Build.0 = Release|Any CPU
		{D402DE31-9BDA-44C5-9A84-548682849D34}.Release|x86.ActiveCfg = Release|Any CPU
		{D402DE31-9BDA-44C5-9A84-548682849D34}.Release|x86.Build.0 = Release|Any CPU
		{9560A8CB-DA1D-4C44-92DA-A97D4027A503}.Debug|Any CPU.ActiveCfg = Debug|Any CPU
		{9560A8CB-DA1D-4C44-92DA-A97D4027A503}.Debug|Any CPU.Build.0 = Debug|Any CPU
		{9560A8CB-DA1D-4C44-92DA-A97D4027A503}.Debug|x64.ActiveCfg = Debug|Any CPU
		{9560A8CB-DA1D-4C44-92DA-A97D4027A503}.Debug|x64.Build.0 = Debug|Any CPU
		{9560A8CB-DA1D-4C44-92DA-A97D4027A503}.Debug|x86.ActiveCfg = Debug|Any CPU
		{9560A8CB-DA1D-4C44-92DA-A97D4027A503}.Debug|x86.Build.0 = Debug|Any CPU
		{9560A8CB-DA1D-4C44-92DA-A97D4027A503}.Release|Any CPU.ActiveCfg = Release|Any CPU
		{9560A8CB-DA1D-4C44-92DA-A97D4027A503}.Release|Any CPU.Build.0 = Release|Any CPU
		{9560A8CB-DA1D-4C44-92DA-A97D4027A503}.Release|x64.ActiveCfg = Release|Any CPU
		{9560A8CB-DA1D-4C44-92DA-A97D4027A503}.Release|x64.Build.0 = Release|Any CPU
		{9560A8CB-DA1D-4C44-92DA-A97D4027A503}.Release|x86.ActiveCfg = Release|Any CPU
		{9560A8CB-DA1D-4C44-92DA-A97D4027A503}.Release|x86.Build.0 = Release|Any CPU
	EndGlobalSection
EndGlobal
